
Microsoft Visual Studio Solution File, Format Version 12.00
# Visual Studio Version 17
VisualStudioVersion = 17.9.34526.213
MinimumVisualStudioVersion = 10.0.40219.1
Project("{FAE04EC0-301F-11D3-BF4B-00C04F79EFBC}") = "CashRegister", "CashRegister\CashRegister.csproj", "{494139C7-68D8-45DF-8E40-3073FFBEDC7F}"
EndProject
Global
	GlobalSection(SolutionConfigurationPlatforms) = preSolution
		Debug|Any CPU = Debug|Any CPU
		Release|Any CPU = Release|Any CPU
	EndGlobalSection
	GlobalSection(ProjectConfigurationPlatforms) = postSolution
		{494139C7-68D8-45DF-8E40-3073FFBEDC7F}.Debug|Any CPU.ActiveCfg = Debug|Any CPU
		{494139C7-68D8-45DF-8E40-3073FFBEDC7F}.Debug|Any CPU.Build.0 = Debug|Any CPU
		{494139C7-68D8-45DF-8E40-3073FFBEDC7F}.Release|Any CPU.ActiveCfg = Release|Any CPU
		{494139C7-68D8-45DF-8E40-3073FFBEDC7F}.Release|Any CPU.Build.0 = Release|Any CPU
	EndGlobalSection
	GlobalSection(SolutionProperties) = preSolution
		HideSolutionNode = FALSE
	EndGlobalSection
	GlobalSection(ExtensibilityGlobals) = postSolution
		SolutionGuid = {BBE060FB-BD2D-4A6A-B944-426BAD8849A4}
	EndGlobalSection
EndGlobal
